
Microsoft Visual Studio Solution File, Format Version 12.00
# Visual Studio Version 16
VisualStudioVersion = 16.0.30517.126
MinimumVisualStudioVersion = 10.0.40219.1
Project("{FAE04EC0-301F-11D3-BF4B-00C04F79EFBC}") = "Epicfight2", "Epicfight2\Epicfight2.csproj", "{45523E1E-66E3-4983-81E5-AE825149DA25}"
EndProject
Global
	GlobalSection(SolutionConfigurationPlatforms) = preSolution
		Debug|Any CPU = Debug|Any CPU
		Release|Any CPU = Release|Any CPU
	EndGlobalSection
	GlobalSection(ProjectConfigurationPlatforms) = postSolution
		{45523E1E-66E3-4983-81E5-AE825149DA25}.Debug|Any CPU.ActiveCfg = Debug|Any CPU
		{45523E1E-66E3-4983-81E5-AE825149DA25}.Debug|Any CPU.Build.0 = Debug|Any CPU
		{45523E1E-66E3-4983-81E5-AE825149DA25}.Release|Any CPU.ActiveCfg = Release|Any CPU
		{45523E1E-66E3-4983-81E5-AE825149DA25}.Release|Any CPU.Build.0 = Release|Any CPU
	EndGlobalSection
	GlobalSection(SolutionProperties) = preSolution
		HideSolutionNode = FALSE
	EndGlobalSection
	GlobalSection(ExtensibilityGlobals) = postSolution
		SolutionGuid = {3249894A-EFE9-4C45-A338-96AA3AB7B25E}
	EndGlobalSection
EndGlobal
